
Microsoft Visual Studio Solution File, Format Version 12.00
# Visual Studio Version 17
VisualStudioVersion = 17.3.32929.385
MinimumVisualStudioVersion = 10.0.40219.1
Project("{FAE04EC0-301F-11D3-BF4B-00C04F79EFBC}") = "VCCorp.LinkedInCrawler", "VCCorp.LinkedInCrawler\VCCorp.LinkedInCrawler.csproj", "{48850C0F-CBD0-4067-A6DC-77DAC653644E}"
EndProject
Global
	GlobalSection(SolutionConfigurationPlatforms) = preSolution
		Debug|Any CPU = Debug|Any CPU
		Release|Any CPU = Release|Any CPU
	EndGlobalSection
	GlobalSection(ProjectConfigurationPlatforms) = postSolution
		{48850C0F-CBD0-4067-A6DC-77DAC653644E}.Debug|Any CPU.ActiveCfg = Debug|Any CPU
		{48850C0F-CBD0-4067-A6DC-77DAC653644E}.Debug|Any CPU.Build.0 = Debug|Any CPU
		{48850C0F-CBD0-4067-A6DC-77DAC653644E}.Release|Any CPU.ActiveCfg = Release|Any CPU
		{48850C0F-CBD0-4067-A6DC-77DAC653644E}.Release|Any CPU.Build.0 = Release|Any CPU
	EndGlobalSection
	GlobalSection(SolutionProperties) = preSolution
		HideSolutionNode = FALSE
	EndGlobalSection
	GlobalSection(ExtensibilityGlobals) = postSolution
		SolutionGuid = {F7C02F06-F3D4-4F0B-BD9C-37904A0CA95B}
	EndGlobalSection
EndGlobal
